// !$*UTF8*$!
{
	archiveVersion = 1;
	classes = {
	};
	objectVersion = 46;
	objects = {

/* Begin PBXBuildFile section */
		3705C5F31C14597100D36B5B /* Cartography.framework in Frameworks */ = {isa = PBXBuildFile; fileRef = 3705C5E41C14595B00D36B5B /* Cartography.framework */; };
		3705C5F41C14598300D36B5B /* Cartography.framework in Embed Frameworks */ = {isa = PBXBuildFile; fileRef = 3705C5E41C14595B00D36B5B /* Cartography.framework */; settings = {ATTRIBUTES = (CodeSignOnCopy, RemoveHeadersOnCopy, ); }; };
		3705C5FA1C145A1D00D36B5B /* FieldViewModel.swift in Sources */ = {isa = PBXBuildFile; fileRef = 3705C5F91C145A1D00D36B5B /* FieldViewModel.swift */; };
		3705C5FC1C145A4100D36B5B /* FieldCells.swift in Sources */ = {isa = PBXBuildFile; fileRef = 3705C5FB1C145A4100D36B5B /* FieldCells.swift */; };
		3705C5FE1C14C46900D36B5B /* Field.swift in Sources */ = {isa = PBXBuildFile; fileRef = 3705C5FD1C14C46900D36B5B /* Field.swift */; };
		3705C7181C12511400D36B5B /* HexColor.framework in Embed Frameworks */ = {isa = PBXBuildFile; fileRef = 3705C7121C12510000D36B5B /* HexColor.framework */; settings = {ATTRIBUTES = (CodeSignOnCopy, RemoveHeadersOnCopy, ); }; };
		3705C71E1C1251B000D36B5B /* HexColor.framework in Frameworks */ = {isa = PBXBuildFile; fileRef = 3705C7121C12510000D36B5B /* HexColor.framework */; };
		3705C7271C1251CE00D36B5B /* Colors.swift in Sources */ = {isa = PBXBuildFile; fileRef = 3705C7261C1251CE00D36B5B /* Colors.swift */; };
		37259DFD1BFA58FD00D36B5B /* libsodium.a in Frameworks */ = {isa = PBXBuildFile; fileRef = 37259DFC1BFA58FD00D36B5B /* libsodium.a */; };
		376234CB1BFA306700D36B5B /* AppDelegate.swift in Sources */ = {isa = PBXBuildFile; fileRef = 376234CA1BFA306700D36B5B /* AppDelegate.swift */; };
		376234CD1BFA306700D36B5B /* VaultViewController.swift in Sources */ = {isa = PBXBuildFile; fileRef = 376234CC1BFA306700D36B5B /* VaultViewController.swift */; };
		376234CF1BFA306700D36B5B /* EntryViewController.swift in Sources */ = {isa = PBXBuildFile; fileRef = 376234CE1BFA306700D36B5B /* EntryViewController.swift */; };
		376234D21BFA306700D36B5B /* Main.storyboard in Resources */ = {isa = PBXBuildFile; fileRef = 376234D01BFA306700D36B5B /* Main.storyboard */; };
		376234D41BFA306700D36B5B /* Assets.xcassets in Resources */ = {isa = PBXBuildFile; fileRef = 376234D31BFA306700D36B5B /* Assets.xcassets */; };
		376234D71BFA306700D36B5B /* LaunchScreen.storyboard in Resources */ = {isa = PBXBuildFile; fileRef = 376234D51BFA306700D36B5B /* LaunchScreen.storyboard */; };
		376234E21BFA306800D36B5B /* FreepassTests.swift in Sources */ = {isa = PBXBuildFile; fileRef = 376234E11BFA306800D36B5B /* FreepassTests.swift */; };
		376234ED1BFA306800D36B5B /* FreepassUITests.swift in Sources */ = {isa = PBXBuildFile; fileRef = 376234EC1BFA306800D36B5B /* FreepassUITests.swift */; };
		37936F161C163CF500D36B5B /* CoreActionSheetPicker.framework in Frameworks */ = {isa = PBXBuildFile; fileRef = 37936F0F1C163CB800D36B5B /* CoreActionSheetPicker.framework */; };
		37936F171C163CFE00D36B5B /* CoreActionSheetPicker.framework in Embed Frameworks */ = {isa = PBXBuildFile; fileRef = 37936F0F1C163CB800D36B5B /* CoreActionSheetPicker.framework */; settings = {ATTRIBUTES = (CodeSignOnCopy, RemoveHeadersOnCopy, ); }; };
		37CA326C1C077EFB00D36B5B /* SwiftCBOR.framework in Frameworks */ = {isa = PBXBuildFile; fileRef = 37CA32671C077ED900D36B5B /* SwiftCBOR.framework */; };
		37CA326D1C077EFB00D36B5B /* SwiftCBOR.framework in Embed Frameworks */ = {isa = PBXBuildFile; fileRef = 37CA32671C077ED900D36B5B /* SwiftCBOR.framework */; settings = {ATTRIBUTES = (CodeSignOnCopy, RemoveHeadersOnCopy, ); }; };
		37CA32761C10949900D36B5B /* Entry.swift in Sources */ = {isa = PBXBuildFile; fileRef = 37CA32751C10949800D36B5B /* Entry.swift */; };
		37D879071C55117700D36B5B /* RxSwift.framework in Frameworks */ = {isa = PBXBuildFile; fileRef = 37D878E01C55115300D36B5B /* RxSwift.framework */; };
		37D879081C55118F00D36B5B /* RxCocoa.framework in Frameworks */ = {isa = PBXBuildFile; fileRef = 37D878E81C55115300D36B5B /* RxCocoa.framework */; };
		37D879091C55176200D36B5B /* RxSwift.framework in Embed Frameworks */ = {isa = PBXBuildFile; fileRef = 37D878E01C55115300D36B5B /* RxSwift.framework */; settings = {ATTRIBUTES = (CodeSignOnCopy, RemoveHeadersOnCopy, ); }; };
		37D8790A1C55176C00D36B5B /* RxCocoa.framework in Embed Frameworks */ = {isa = PBXBuildFile; fileRef = 37D878E81C55115300D36B5B /* RxCocoa.framework */; settings = {ATTRIBUTES = (CodeSignOnCopy, RemoveHeadersOnCopy, ); }; };
		37D8790C1C5517E900D36B5B /* RxStuff.swift in Sources */ = {isa = PBXBuildFile; fileRef = 37D8790B1C5517E900D36B5B /* RxStuff.swift */; };
		37E74BB31C8887E000D36B5B /* libfreepass_capi.a in Frameworks */ = {isa = PBXBuildFile; fileRef = 37259DFE1BFB885900D36B5B /* libfreepass_capi.a */; };
		37E750391BFBB02C00D36B5B /* LoginViewController.swift in Sources */ = {isa = PBXBuildFile; fileRef = 37E750381BFBB02C00D36B5B /* LoginViewController.swift */; };
		37E7503B1BFBCDBC00D36B5B /* Vault.swift in Sources */ = {isa = PBXBuildFile; fileRef = 37E7503A1BFBCDBC00D36B5B /* Vault.swift */; };
/* End PBXBuildFile section */

/* Begin PBXContainerItemProxy section */
		3705C5E31C14595B00D36B5B /* PBXContainerItemProxy */ = {
			isa = PBXContainerItemProxy;
			containerPortal = 3705C5D41C14595A00D36B5B /* Cartography.xcodeproj */;
			proxyType = 2;
			remoteGlobalIDString = 54C96A11195063CD000CDD27;
			remoteInfo = "Cartography-iOS";
		};
		3705C5E51C14595B00D36B5B /* PBXContainerItemProxy */ = {
			isa = PBXContainerItemProxy;
			containerPortal = 3705C5D41C14595A00D36B5B /* Cartography.xcodeproj */;
			proxyType = 2;
			remoteGlobalIDString = 54C96A1C195063CD000CDD27;
			remoteInfo = "Cartography-iOS-Tests";
		};
		3705C5E71C14595B00D36B5B /* PBXContainerItemProxy */ = {
			isa = PBXContainerItemProxy;
			containerPortal = 3705C5D41C14595A00D36B5B /* Cartography.xcodeproj */;
			proxyType = 2;
			remoteGlobalIDString = 54F6A838195C20C100313D24;
			remoteInfo = "Cartography-Mac";
		};
		3705C5E91C14595B00D36B5B /* PBXContainerItemProxy */ = {
			isa = PBXContainerItemProxy;
			containerPortal = 3705C5D41C14595A00D36B5B /* Cartography.xcodeproj */;
			proxyType = 2;
			remoteGlobalIDString = 54F6A842195C20C200313D24;
			remoteInfo = "Cartography-Mac-Tests";
		};
		3705C5EB1C14595B00D36B5B /* PBXContainerItemProxy */ = {
			isa = PBXContainerItemProxy;
			containerPortal = 3705C5D41C14595A00D36B5B /* Cartography.xcodeproj */;
			proxyType = 2;
			remoteGlobalIDString = 632F090A1BF1E7AA002431A3;
			remoteInfo = "Cartography-tvOS";
		};
		3705C5ED1C14595B00D36B5B /* PBXContainerItemProxy */ = {
			isa = PBXContainerItemProxy;
			containerPortal = 3705C5D41C14595A00D36B5B /* Cartography.xcodeproj */;
			proxyType = 2;
			remoteGlobalIDString = 632F09221BF1E7FC002431A3;
			remoteInfo = "Cartography-tvOS-tests";
		};
		3705C5F11C14596A00D36B5B /* PBXContainerItemProxy */ = {
			isa = PBXContainerItemProxy;
			containerPortal = 3705C5D41C14595A00D36B5B /* Cartography.xcodeproj */;
			proxyType = 1;
			remoteGlobalIDString = 54C96A10195063CD000CDD27;
			remoteInfo = "Cartography-iOS";
		};
		3705C7111C12510000D36B5B /* PBXContainerItemProxy */ = {
			isa = PBXContainerItemProxy;
			containerPortal = 3705C7061C12510000D36B5B /* HexColor.xcodeproj */;
			proxyType = 2;
			remoteGlobalIDString = 7228B6E619B5353600A81D94;
			remoteInfo = HexColor;
		};
		3705C7131C12510000D36B5B /* PBXContainerItemProxy */ = {
			isa = PBXContainerItemProxy;
			containerPortal = 3705C7061C12510000D36B5B /* HexColor.xcodeproj */;
			proxyType = 2;
			remoteGlobalIDString = 7228B6F119B5353600A81D94;
			remoteInfo = HexColorTests;
		};
		3705C7161C12510E00D36B5B /* PBXContainerItemProxy */ = {
			isa = PBXContainerItemProxy;
			containerPortal = 3705C7061C12510000D36B5B /* HexColor.xcodeproj */;
			proxyType = 1;
			remoteGlobalIDString = 7228B6E519B5353600A81D94;
			remoteInfo = HexColor;
		};
		376234DE1BFA306800D36B5B /* PBXContainerItemProxy */ = {
			isa = PBXContainerItemProxy;
			containerPortal = 376234BF1BFA306700D36B5B /* Project object */;
			proxyType = 1;
			remoteGlobalIDString = 376234C61BFA306700D36B5B;
			remoteInfo = Freepass;
		};
		376234E91BFA306800D36B5B /* PBXContainerItemProxy */ = {
			isa = PBXContainerItemProxy;
			containerPortal = 376234BF1BFA306700D36B5B /* Project object */;
			proxyType = 1;
			remoteGlobalIDString = 376234C61BFA306700D36B5B;
			remoteInfo = Freepass;
		};
		37936F0E1C163CB800D36B5B /* PBXContainerItemProxy */ = {
			isa = PBXContainerItemProxy;
			containerPortal = 37936EFE1C163CB800D36B5B /* CoreActionSheetPicker.xcodeproj */;
			proxyType = 2;
			remoteGlobalIDString = 1CCA90431AE0EFB000368F5E;
			remoteInfo = CoreActionSheetPicker;
		};
		37936F101C163CB800D36B5B /* PBXContainerItemProxy */ = {
			isa = PBXContainerItemProxy;
			containerPortal = 37936EFE1C163CB800D36B5B /* CoreActionSheetPicker.xcodeproj */;
			proxyType = 2;
			remoteGlobalIDString = 1CCA904E1AE0EFB000368F5E;
			remoteInfo = CoreActionSheetPickerTests;
		};
		37936F141C163CEC00D36B5B /* PBXContainerItemProxy */ = {
			isa = PBXContainerItemProxy;
			containerPortal = 37936EFE1C163CB800D36B5B /* CoreActionSheetPicker.xcodeproj */;
			proxyType = 1;
			remoteGlobalIDString = 1CCA90421AE0EFB000368F5E;
			remoteInfo = CoreActionSheetPicker;
		};
		37CA32661C077ED900D36B5B /* PBXContainerItemProxy */ = {
			isa = PBXContainerItemProxy;
			containerPortal = 37CA32611C077ED900D36B5B /* SwiftCBOR.xcodeproj */;
			proxyType = 2;
			remoteGlobalIDString = 37F34C011C0265AD00D36B5B;
			remoteInfo = SwiftCBOR;
		};
		37CA32681C077ED900D36B5B /* PBXContainerItemProxy */ = {
			isa = PBXContainerItemProxy;
			containerPortal = 37CA32611C077ED900D36B5B /* SwiftCBOR.xcodeproj */;
			proxyType = 2;
			remoteGlobalIDString = 37F34C0B1C0265AE00D36B5B;
			remoteInfo = SwiftCBORTests;
		};
		37CA326A1C077EDD00D36B5B /* PBXContainerItemProxy */ = {
			isa = PBXContainerItemProxy;
			containerPortal = 37CA32611C077ED900D36B5B /* SwiftCBOR.xcodeproj */;
			proxyType = 1;
			remoteGlobalIDString = 37F34C001C0265AD00D36B5B;
			remoteInfo = SwiftCBOR;
		};
		37CA326E1C077EFB00D36B5B /* PBXContainerItemProxy */ = {
			isa = PBXContainerItemProxy;
			containerPortal = 37CA32611C077ED900D36B5B /* SwiftCBOR.xcodeproj */;
			proxyType = 1;
			remoteGlobalIDString = 37F34C001C0265AD00D36B5B;
			remoteInfo = SwiftCBOR;
		};
		37D878DF1C55115300D36B5B /* PBXContainerItemProxy */ = {
			isa = PBXContainerItemProxy;
			containerPortal = 37D878C81C55115200D36B5B /* Rx.xcodeproj */;
			proxyType = 2;
			remoteGlobalIDString = C8A56AD71AD7424700B4673B;
			remoteInfo = "RxSwift-iOS";
		};
		37D878E11C55115300D36B5B /* PBXContainerItemProxy */ = {
			isa = PBXContainerItemProxy;
			containerPortal = 37D878C81C55115200D36B5B /* Rx.xcodeproj */;
			proxyType = 2;
			remoteGlobalIDString = C88BB8711B07E5ED0064D411;
			remoteInfo = "RxSwift-OSX";
		};
		37D878E31C55115300D36B5B /* PBXContainerItemProxy */ = {
			isa = PBXContainerItemProxy;
			containerPortal = 37D878C81C55115200D36B5B /* Rx.xcodeproj */;
			proxyType = 2;
			remoteGlobalIDString = D2EA280C1BB9B5A200880ED3;
			remoteInfo = "RxSwift-tvOS";
		};
		37D878E51C55115300D36B5B /* PBXContainerItemProxy */ = {
			isa = PBXContainerItemProxy;
			containerPortal = 37D878C81C55115200D36B5B /* Rx.xcodeproj */;
			proxyType = 2;
			remoteGlobalIDString = C8F0C0021BBBFB8B001B112F;
			remoteInfo = "RxSwift-watchOS";
		};
		37D878E71C55115300D36B5B /* PBXContainerItemProxy */ = {
			isa = PBXContainerItemProxy;
			containerPortal = 37D878C81C55115200D36B5B /* Rx.xcodeproj */;
			proxyType = 2;
			remoteGlobalIDString = C809396D1B8A71760088E94D;
			remoteInfo = "RxCocoa-iOS";
		};
		37D878E91C55115300D36B5B /* PBXContainerItemProxy */ = {
			isa = PBXContainerItemProxy;
			containerPortal = 37D878C81C55115200D36B5B /* Rx.xcodeproj */;
			proxyType = 2;
			remoteGlobalIDString = C80939E71B8A71840088E94D;
			remoteInfo = "RxCocoa-OSX";
		};
		37D878EB1C55115300D36B5B /* PBXContainerItemProxy */ = {
			isa = PBXContainerItemProxy;
			containerPortal = 37D878C81C55115200D36B5B /* Rx.xcodeproj */;
			proxyType = 2;
			remoteGlobalIDString = D2138C751BB9BE9800339B5C;
			remoteInfo = "RxCocoa-tvOS";
		};
		37D878ED1C55115300D36B5B /* PBXContainerItemProxy */ = {
			isa = PBXContainerItemProxy;
			containerPortal = 37D878C81C55115200D36B5B /* Rx.xcodeproj */;
			proxyType = 2;
			remoteGlobalIDString = C8F0C04B1BBBFBB9001B112F;
			remoteInfo = "RxCocoa-watchOS";
		};
		37D878EF1C55115300D36B5B /* PBXContainerItemProxy */ = {
			isa = PBXContainerItemProxy;
			containerPortal = 37D878C81C55115200D36B5B /* Rx.xcodeproj */;
			proxyType = 2;
			remoteGlobalIDString = C8093BC71B8A71F00088E94D;
			remoteInfo = "RxBlocking-iOS";
		};
		37D878F11C55115300D36B5B /* PBXContainerItemProxy */ = {
			isa = PBXContainerItemProxy;
			containerPortal = 37D878C81C55115200D36B5B /* Rx.xcodeproj */;
			proxyType = 2;
			remoteGlobalIDString = C8093C451B8A71FC0088E94D;
			remoteInfo = "RxBlocking-OSX";
		};
		37D878F31C55115300D36B5B /* PBXContainerItemProxy */ = {
			isa = PBXContainerItemProxy;
			containerPortal = 37D878C81C55115200D36B5B /* Rx.xcodeproj */;
			proxyType = 2;
			remoteGlobalIDString = D2EBEB811BB9B99D003A27DC;
			remoteInfo = "RxBlocking-tvOS";
		};
		37D878F51C55115300D36B5B /* PBXContainerItemProxy */ = {
			isa = PBXContainerItemProxy;
			containerPortal = 37D878C81C55115200D36B5B /* Rx.xcodeproj */;
			proxyType = 2;
			remoteGlobalIDString = C8F0C0581BBBFBCE001B112F;
			remoteInfo = "RxBlocking-watchOS";
		};
		37D878F71C55115300D36B5B /* PBXContainerItemProxy */ = {
			isa = PBXContainerItemProxy;
			containerPortal = 37D878C81C55115200D36B5B /* Rx.xcodeproj */;
			proxyType = 2;
			remoteGlobalIDString = C88FA50C1C25C44800CCFEA4;
			remoteInfo = "RxTests-iOS";
		};
		37D878F91C55115300D36B5B /* PBXContainerItemProxy */ = {
			isa = PBXContainerItemProxy;
			containerPortal = 37D878C81C55115200D36B5B /* Rx.xcodeproj */;
			proxyType = 2;
			remoteGlobalIDString = C88FA51D1C25C4B500CCFEA4;
			remoteInfo = "RxTests-OSX";
		};
		37D878FB1C55115300D36B5B /* PBXContainerItemProxy */ = {
			isa = PBXContainerItemProxy;
			containerPortal = 37D878C81C55115200D36B5B /* Rx.xcodeproj */;
			proxyType = 2;
			remoteGlobalIDString = C88FA52E1C25C4C000CCFEA4;
			remoteInfo = "RxTests-tvOS";
		};
		37D878FD1C55115300D36B5B /* PBXContainerItemProxy */ = {
			isa = PBXContainerItemProxy;
			containerPortal = 37D878C81C55115200D36B5B /* Rx.xcodeproj */;
			proxyType = 2;
			remoteGlobalIDString = C88FA53F1C25C4CC00CCFEA4;
			remoteInfo = "RxTests-watchOS";
		};
		37D878FF1C55115300D36B5B /* PBXContainerItemProxy */ = {
			isa = PBXContainerItemProxy;
			containerPortal = 37D878C81C55115200D36B5B /* Rx.xcodeproj */;
			proxyType = 2;
			remoteGlobalIDString = C83508C31C386F6F0027C24C;
			remoteInfo = "AllTests-iOS";
		};
		37D879011C55115300D36B5B /* PBXContainerItemProxy */ = {
			isa = PBXContainerItemProxy;
			containerPortal = 37D878C81C55115200D36B5B /* Rx.xcodeproj */;
			proxyType = 2;
			remoteGlobalIDString = C83509841C38740E0027C24C;
			remoteInfo = "AllTests-tvOS";
		};
		37D879031C55115300D36B5B /* PBXContainerItemProxy */ = {
			isa = PBXContainerItemProxy;
			containerPortal = 37D878C81C55115200D36B5B /* Rx.xcodeproj */;
			proxyType = 2;
			remoteGlobalIDString = C83509941C38742C0027C24C;
			remoteInfo = "AllTests-OSX";
		};
		37D879051C55115300D36B5B /* PBXContainerItemProxy */ = {
			isa = PBXContainerItemProxy;
			containerPortal = 37D878C81C55115200D36B5B /* Rx.xcodeproj */;
			proxyType = 2;
			remoteGlobalIDString = C85BA04B1C3878740075D68E;
			remoteInfo = PerformanceTests;
		};
/* End PBXContainerItemProxy section */

/* Begin PBXCopyFilesBuildPhase section */
		37CA32701C077EFB00D36B5B /* Embed Frameworks */ = {
			isa = PBXCopyFilesBuildPhase;
			buildActionMask = 2147483647;
			dstPath = "";
			dstSubfolderSpec = 10;
			files = (
				3705C5F41C14598300D36B5B /* Cartography.framework in Embed Frameworks */,
				37936F171C163CFE00D36B5B /* CoreActionSheetPicker.framework in Embed Frameworks */,
				3705C7181C12511400D36B5B /* HexColor.framework in Embed Frameworks */,
				37D8790A1C55176C00D36B5B /* RxCocoa.framework in Embed Frameworks */,
				37D879091C55176200D36B5B /* RxSwift.framework in Embed Frameworks */,
				37CA326D1C077EFB00D36B5B /* SwiftCBOR.framework in Embed Frameworks */,
			);
			name = "Embed Frameworks";
			runOnlyForDeploymentPostprocessing = 0;
		};
/* End PBXCopyFilesBuildPhase section */

/* Begin PBXFileReference section */
		3705C5D41C14595A00D36B5B /* Cartography.xcodeproj */ = {isa = PBXFileReference; lastKnownFileType = "wrapper.pb-project"; name = Cartography.xcodeproj; path = Deps/Cartography/Cartography.xcodeproj; sourceTree = "<group>"; };
		3705C5F91C145A1D00D36B5B /* FieldViewModel.swift */ = {isa = PBXFileReference; fileEncoding = 4; lastKnownFileType = sourcecode.swift; path = FieldViewModel.swift; sourceTree = "<group>"; };
		3705C5FB1C145A4100D36B5B /* FieldCells.swift */ = {isa = PBXFileReference; fileEncoding = 4; lastKnownFileType = sourcecode.swift; path = FieldCells.swift; sourceTree = "<group>"; };
		3705C5FD1C14C46900D36B5B /* Field.swift */ = {isa = PBXFileReference; fileEncoding = 4; lastKnownFileType = sourcecode.swift; path = Field.swift; sourceTree = "<group>"; };
		3705C7061C12510000D36B5B /* HexColor.xcodeproj */ = {isa = PBXFileReference; lastKnownFileType = "wrapper.pb-project"; name = HexColor.xcodeproj; path = Deps/HexColor/HexColor.xcodeproj; sourceTree = "<group>"; };
		3705C7261C1251CE00D36B5B /* Colors.swift */ = {isa = PBXFileReference; fileEncoding = 4; lastKnownFileType = sourcecode.swift; path = Colors.swift; sourceTree = "<group>"; };
		37259DF81BFA462700D36B5B /* Freepass-Bridging-Header.h */ = {isa = PBXFileReference; lastKnownFileType = sourcecode.c.h; path = "Freepass-Bridging-Header.h"; sourceTree = "<group>"; };
		37259DFC1BFA58FD00D36B5B /* libsodium.a */ = {isa = PBXFileReference; lastKnownFileType = archive.ar; name = libsodium.a; path = "../../../../jedisct1/libsodium/libsodium-ios/lib/libsodium.a"; sourceTree = "<group>"; };
		37259DFE1BFB885900D36B5B /* libfreepass_capi.a */ = {isa = PBXFileReference; lastKnownFileType = archive.ar; name = libfreepass_capi.a; path = ../../capi/target/universal/release/libfreepass_capi.a; sourceTree = "<group>"; };
		376234C71BFA306700D36B5B /* Freepass.app */ = {isa = PBXFileReference; explicitFileType = wrapper.application; includeInIndex = 0; path = Freepass.app; sourceTree = BUILT_PRODUCTS_DIR; };
		376234CA1BFA306700D36B5B /* AppDelegate.swift */ = {isa = PBXFileReference; lastKnownFileType = sourcecode.swift; path = AppDelegate.swift; sourceTree = "<group>"; };
		376234CC1BFA306700D36B5B /* VaultViewController.swift */ = {isa = PBXFileReference; lastKnownFileType = sourcecode.swift; path = VaultViewController.swift; sourceTree = "<group>"; };
		376234CE1BFA306700D36B5B /* EntryViewController.swift */ = {isa = PBXFileReference; lastKnownFileType = sourcecode.swift; path = EntryViewController.swift; sourceTree = "<group>"; };
		376234D11BFA306700D36B5B /* Base */ = {isa = PBXFileReference; lastKnownFileType = file.storyboard; name = Base; path = Base.lproj/Main.storyboard; sourceTree = "<group>"; };
		376234D31BFA306700D36B5B /* Assets.xcassets */ = {isa = PBXFileReference; lastKnownFileType = folder.assetcatalog; path = Assets.xcassets; sourceTree = "<group>"; };
		376234D61BFA306700D36B5B /* Base */ = {isa = PBXFileReference; lastKnownFileType = file.storyboard; name = Base; path = Base.lproj/LaunchScreen.storyboard; sourceTree = "<group>"; };
		376234D81BFA306700D36B5B /* Info.plist */ = {isa = PBXFileReference; lastKnownFileType = text.plist.xml; path = Info.plist; sourceTree = "<group>"; };
		376234DD1BFA306800D36B5B /* FreepassTests.xctest */ = {isa = PBXFileReference; explicitFileType = wrapper.cfbundle; includeInIndex = 0; path = FreepassTests.xctest; sourceTree = BUILT_PRODUCTS_DIR; };
		376234E11BFA306800D36B5B /* FreepassTests.swift */ = {isa = PBXFileReference; lastKnownFileType = sourcecode.swift; path = FreepassTests.swift; sourceTree = "<group>"; };
		376234E31BFA306800D36B5B /* Info.plist */ = {isa = PBXFileReference; lastKnownFileType = text.plist.xml; path = Info.plist; sourceTree = "<group>"; };
		376234E81BFA306800D36B5B /* FreepassUITests.xctest */ = {isa = PBXFileReference; explicitFileType = wrapper.cfbundle; includeInIndex = 0; path = FreepassUITests.xctest; sourceTree = BUILT_PRODUCTS_DIR; };
		376234EC1BFA306800D36B5B /* FreepassUITests.swift */ = {isa = PBXFileReference; lastKnownFileType = sourcecode.swift; path = FreepassUITests.swift; sourceTree = "<group>"; };
		376234EE1BFA306800D36B5B /* Info.plist */ = {isa = PBXFileReference; lastKnownFileType = text.plist.xml; path = Info.plist; sourceTree = "<group>"; };
		37936EFE1C163CB800D36B5B /* CoreActionSheetPicker.xcodeproj */ = {isa = PBXFileReference; lastKnownFileType = "wrapper.pb-project"; name = CoreActionSheetPicker.xcodeproj; path = Deps/ActionSheetPicker/CoreActionSheetPicker/CoreActionSheetPicker.xcodeproj; sourceTree = "<group>"; };
		37CA32611C077ED900D36B5B /* SwiftCBOR.xcodeproj */ = {isa = PBXFileReference; lastKnownFileType = "wrapper.pb-project"; name = SwiftCBOR.xcodeproj; path = Deps/SwiftCBOR/SwiftCBOR.xcodeproj; sourceTree = "<group>"; };
		37CA32751C10949800D36B5B /* Entry.swift */ = {isa = PBXFileReference; fileEncoding = 4; lastKnownFileType = sourcecode.swift; path = Entry.swift; sourceTree = "<group>"; };
		37D878C81C55115200D36B5B /* Rx.xcodeproj */ = {isa = PBXFileReference; lastKnownFileType = "wrapper.pb-project"; name = Rx.xcodeproj; path = Deps/RxSwift/Rx.xcodeproj; sourceTree = "<group>"; };
		37D8790B1C5517E900D36B5B /* RxStuff.swift */ = {isa = PBXFileReference; fileEncoding = 4; lastKnownFileType = sourcecode.swift; path = RxStuff.swift; sourceTree = "<group>"; };
		37E750381BFBB02C00D36B5B /* LoginViewController.swift */ = {isa = PBXFileReference; fileEncoding = 4; lastKnownFileType = sourcecode.swift; path = LoginViewController.swift; sourceTree = "<group>"; };
		37E7503A1BFBCDBC00D36B5B /* Vault.swift */ = {isa = PBXFileReference; fileEncoding = 4; lastKnownFileType = sourcecode.swift; path = Vault.swift; sourceTree = "<group>"; };
		37FEE06A1C885B5000D36B5B /* libfreepass_capi.a */ = {isa = PBXFileReference; lastKnownFileType = archive.ar; name = libfreepass_capi.a; path = ../../capi/target/universal/debug/libfreepass_capi.a; sourceTree = "<group>"; };
/* End PBXFileReference section */

/* Begin PBXFrameworksBuildPhase section */
		376234C41BFA306700D36B5B /* Frameworks */ = {
			isa = PBXFrameworksBuildPhase;
			buildActionMask = 2147483647;
			files = (
				37E74BB31C8887E000D36B5B /* libfreepass_capi.a in Frameworks */,
				37259DFD1BFA58FD00D36B5B /* libsodium.a in Frameworks */,
				37CA326C1C077EFB00D36B5B /* SwiftCBOR.framework in Frameworks */,
				37D879071C55117700D36B5B /* RxSwift.framework in Frameworks */,
				37D879081C55118F00D36B5B /* RxCocoa.framework in Frameworks */,
				3705C71E1C1251B000D36B5B /* HexColor.framework in Frameworks */,
				3705C5F31C14597100D36B5B /* Cartography.framework in Frameworks */,
				37936F161C163CF500D36B5B /* CoreActionSheetPicker.framework in Frameworks */,
			);
			runOnlyForDeploymentPostprocessing = 0;
		};
		376234DA1BFA306800D36B5B /* Frameworks */ = {
			isa = PBXFrameworksBuildPhase;
			buildActionMask = 2147483647;
			files = (
			);
			runOnlyForDeploymentPostprocessing = 0;
		};
		376234E51BFA306800D36B5B /* Frameworks */ = {
			isa = PBXFrameworksBuildPhase;
			buildActionMask = 2147483647;
			files = (
			);
			runOnlyForDeploymentPostprocessing = 0;
		};
/* End PBXFrameworksBuildPhase section */

/* Begin PBXGroup section */
		3705C5D51C14595A00D36B5B /* Products */ = {
			isa = PBXGroup;
			children = (
				3705C5E41C14595B00D36B5B /* Cartography.framework */,
				3705C5E61C14595B00D36B5B /* Cartography-iOS-Tests.xctest */,
				3705C5E81C14595B00D36B5B /* Cartography.framework */,
				3705C5EA1C14595B00D36B5B /* Cartography-Mac-Tests.xctest */,
				3705C5EC1C14595B00D36B5B /* Cartography.framework */,
				3705C5EE1C14595B00D36B5B /* Cartography-tvOS-tests.xctest */,
			);
			name = Products;
			sourceTree = "<group>";
		};
		3705C5F51C1459DF00D36B5B /* Entry */ = {
			isa = PBXGroup;
			children = (
				37CA32751C10949800D36B5B /* Entry.swift */,
				376234CE1BFA306700D36B5B /* EntryViewController.swift */,
				3705C5F81C145A0800D36B5B /* Field */,
			);
			name = Entry;
			sourceTree = "<group>";
		};
		3705C5F61C1459EB00D36B5B /* Vault */ = {
			isa = PBXGroup;
			children = (
				37E7503A1BFBCDBC00D36B5B /* Vault.swift */,
				376234CC1BFA306700D36B5B /* VaultViewController.swift */,
			);
			name = Vault;
			sourceTree = "<group>";
		};
		3705C5F71C1459F800D36B5B /* Login */ = {
			isa = PBXGroup;
			children = (
				37E750381BFBB02C00D36B5B /* LoginViewController.swift */,
			);
			name = Login;
			sourceTree = "<group>";
		};
		3705C5F81C145A0800D36B5B /* Field */ = {
			isa = PBXGroup;
			children = (
				3705C5FD1C14C46900D36B5B /* Field.swift */,
				3705C5F91C145A1D00D36B5B /* FieldViewModel.swift */,
				3705C5FB1C145A4100D36B5B /* FieldCells.swift */,
			);
			name = Field;
			sourceTree = "<group>";
		};
		3705C7071C12510000D36B5B /* Products */ = {
			isa = PBXGroup;
			children = (
				3705C7121C12510000D36B5B /* HexColor.framework */,
				3705C7141C12510000D36B5B /* HexColorTests.xctest */,
			);
			name = Products;
			sourceTree = "<group>";
		};
		376234BE1BFA306600D36B5B = {
			isa = PBXGroup;
			children = (
				37FEE06A1C885B5000D36B5B /* libfreepass_capi.a */,
				37CA32611C077ED900D36B5B /* SwiftCBOR.xcodeproj */,
				37D878C81C55115200D36B5B /* Rx.xcodeproj */,
				3705C7061C12510000D36B5B /* HexColor.xcodeproj */,
				3705C5D41C14595A00D36B5B /* Cartography.xcodeproj */,
				37936EFE1C163CB800D36B5B /* CoreActionSheetPicker.xcodeproj */,
				37259DFE1BFB885900D36B5B /* libfreepass_capi.a */,
				37259DFC1BFA58FD00D36B5B /* libsodium.a */,
				376234C91BFA306700D36B5B /* Freepass */,
				376234E01BFA306800D36B5B /* FreepassTests */,
				376234EB1BFA306800D36B5B /* FreepassUITests */,
				376234C81BFA306700D36B5B /* Products */,
			);
			sourceTree = "<group>";
		};
		376234C81BFA306700D36B5B /* Products */ = {
			isa = PBXGroup;
			children = (
				376234C71BFA306700D36B5B /* Freepass.app */,
				376234DD1BFA306800D36B5B /* FreepassTests.xctest */,
				376234E81BFA306800D36B5B /* FreepassUITests.xctest */,
			);
			name = Products;
			sourceTree = "<group>";
		};
		376234C91BFA306700D36B5B /* Freepass */ = {
			isa = PBXGroup;
			children = (
				376234CA1BFA306700D36B5B /* AppDelegate.swift */,
				3705C7261C1251CE00D36B5B /* Colors.swift */,
				37D8790B1C5517E900D36B5B /* RxStuff.swift */,
				3705C5F71C1459F800D36B5B /* Login */,
				3705C5F61C1459EB00D36B5B /* Vault */,
				3705C5F51C1459DF00D36B5B /* Entry */,
				376234D01BFA306700D36B5B /* Main.storyboard */,
				376234D51BFA306700D36B5B /* LaunchScreen.storyboard */,
				376234D81BFA306700D36B5B /* Info.plist */,
				37259DF81BFA462700D36B5B /* Freepass-Bridging-Header.h */,
				376234D31BFA306700D36B5B /* Assets.xcassets */,
			);
			path = Freepass;
			sourceTree = "<group>";
		};
		376234E01BFA306800D36B5B /* FreepassTests */ = {
			isa = PBXGroup;
			children = (
				376234E11BFA306800D36B5B /* FreepassTests.swift */,
				376234E31BFA306800D36B5B /* Info.plist */,
			);
			path = FreepassTests;
			sourceTree = "<group>";
		};
		376234EB1BFA306800D36B5B /* FreepassUITests */ = {
			isa = PBXGroup;
			children = (
				376234EC1BFA306800D36B5B /* FreepassUITests.swift */,
				376234EE1BFA306800D36B5B /* Info.plist */,
			);
			path = FreepassUITests;
			sourceTree = "<group>";
		};
		37936EFF1C163CB800D36B5B /* Products */ = {
			isa = PBXGroup;
			children = (
				37936F0F1C163CB800D36B5B /* CoreActionSheetPicker.framework */,
				37936F111C163CB800D36B5B /* CoreActionSheetPickerTests.xctest */,
			);
			name = Products;
			sourceTree = "<group>";
		};
		37CA32621C077ED900D36B5B /* Products */ = {
			isa = PBXGroup;
			children = (
				37CA32671C077ED900D36B5B /* SwiftCBOR.framework */,
				37CA32691C077ED900D36B5B /* SwiftCBORTests.xctest */,
			);
			name = Products;
			sourceTree = "<group>";
		};
		37D878C91C55115200D36B5B /* Products */ = {
			isa = PBXGroup;
			children = (
				37D878E01C55115300D36B5B /* RxSwift.framework */,
				37D878E21C55115300D36B5B /* RxSwift.framework */,
				37D878E41C55115300D36B5B /* RxSwift.framework */,
				37D878E61C55115300D36B5B /* RxSwift.framework */,
				37D878E81C55115300D36B5B /* RxCocoa.framework */,
				37D878EA1C55115300D36B5B /* RxCocoa.framework */,
				37D878EC1C55115300D36B5B /* RxCocoa.framework */,
				37D878EE1C55115300D36B5B /* RxCocoa.framework */,
				37D878F01C55115300D36B5B /* RxBlocking.framework */,
				37D878F21C55115300D36B5B /* RxBlocking.framework */,
				37D878F41C55115300D36B5B /* RxBlocking.framework */,
				37D878F61C55115300D36B5B /* RxBlocking.framework */,
				37D878F81C55115300D36B5B /* RxTests.framework */,
				37D878FA1C55115300D36B5B /* RxTests.framework */,
				37D878FC1C55115300D36B5B /* RxTests.framework */,
				37D878FE1C55115300D36B5B /* RxTests.framework */,
				37D879001C55115300D36B5B /* AllTests-iOS.xctest */,
				37D879021C55115300D36B5B /* AllTests-tvOS.xctest */,
				37D879041C55115300D36B5B /* AllTests-OSX.xctest */,
				37D879061C55115300D36B5B /* PerformanceTests.app */,
			);
			name = Products;
			sourceTree = "<group>";
		};
/* End PBXGroup section */

/* Begin PBXNativeTarget section */
		376234C61BFA306700D36B5B /* Freepass */ = {
			isa = PBXNativeTarget;
			buildConfigurationList = 376234F11BFA306800D36B5B /* Build configuration list for PBXNativeTarget "Freepass" */;
			buildPhases = (
				376234C31BFA306700D36B5B /* Sources */,
				376234C41BFA306700D36B5B /* Frameworks */,
				376234C51BFA306700D36B5B /* Resources */,
				37CA32701C077EFB00D36B5B /* Embed Frameworks */,
			);
			buildRules = (
			);
			dependencies = (
				37CA326B1C077EDD00D36B5B /* PBXTargetDependency */,
				3705C7171C12510E00D36B5B /* PBXTargetDependency */,
				3705C5F21C14596A00D36B5B /* PBXTargetDependency */,
				37936F151C163CEC00D36B5B /* PBXTargetDependency */,
				37CA326F1C077EFB00D36B5B /* PBXTargetDependency */,
			);
			name = Freepass;
			productName = Freepass;
			productReference = 376234C71BFA306700D36B5B /* Freepass.app */;
			productType = "com.apple.product-type.application";
		};
		376234DC1BFA306800D36B5B /* FreepassTests */ = {
			isa = PBXNativeTarget;
			buildConfigurationList = 376234F41BFA306800D36B5B /* Build configuration list for PBXNativeTarget "FreepassTests" */;
			buildPhases = (
				376234D91BFA306800D36B5B /* Sources */,
				376234DA1BFA306800D36B5B /* Frameworks */,
				376234DB1BFA306800D36B5B /* Resources */,
			);
			buildRules = (
			);
			dependencies = (
				376234DF1BFA306800D36B5B /* PBXTargetDependency */,
			);
			name = FreepassTests;
			productName = FreepassTests;
			productReference = 376234DD1BFA306800D36B5B /* FreepassTests.xctest */;
			productType = "com.apple.product-type.bundle.unit-test";
		};
		376234E71BFA306800D36B5B /* FreepassUITests */ = {
			isa = PBXNativeTarget;
			buildConfigurationList = 376234F71BFA306800D36B5B /* Build configuration list for PBXNativeTarget "FreepassUITests" */;
			buildPhases = (
				376234E41BFA306800D36B5B /* Sources */,
				376234E51BFA306800D36B5B /* Frameworks */,
				376234E61BFA306800D36B5B /* Resources */,
			);
			buildRules = (
			);
			dependencies = (
				376234EA1BFA306800D36B5B /* PBXTargetDependency */,
			);
			name = FreepassUITests;
			productName = FreepassUITests;
			productReference = 376234E81BFA306800D36B5B /* FreepassUITests.xctest */;
			productType = "com.apple.product-type.bundle.ui-testing";
		};
/* End PBXNativeTarget section */

/* Begin PBXProject section */
		376234BF1BFA306700D36B5B /* Project object */ = {
			isa = PBXProject;
			attributes = {
				LastSwiftUpdateCheck = 0710;
				LastUpgradeCheck = 0710;
				ORGANIZATIONNAME = unrelenting.technology;
				TargetAttributes = {
					376234C61BFA306700D36B5B = {
						CreatedOnToolsVersion = 7.1;
						DevelopmentTeam = Y53B7HVFA3;
					};
					376234DC1BFA306800D36B5B = {
						CreatedOnToolsVersion = 7.1;
						DevelopmentTeam = 644G8932B4;
						TestTargetID = 376234C61BFA306700D36B5B;
					};
					376234E71BFA306800D36B5B = {
						CreatedOnToolsVersion = 7.1;
						DevelopmentTeam = 644G8932B4;
						TestTargetID = 376234C61BFA306700D36B5B;
					};
				};
			};
			buildConfigurationList = 376234C21BFA306700D36B5B /* Build configuration list for PBXProject "Freepass" */;
			compatibilityVersion = "Xcode 3.2";
			developmentRegion = English;
			hasScannedForEncodings = 0;
			knownRegions = (
				en,
				Base,
			);
			mainGroup = 376234BE1BFA306600D36B5B;
			productRefGroup = 376234C81BFA306700D36B5B /* Products */;
			projectDirPath = "";
			projectReferences = (
				{
					ProductGroup = 3705C5D51C14595A00D36B5B /* Products */;
					ProjectRef = 3705C5D41C14595A00D36B5B /* Cartography.xcodeproj */;
				},
				{
					ProductGroup = 37936EFF1C163CB800D36B5B /* Products */;
					ProjectRef = 37936EFE1C163CB800D36B5B /* CoreActionSheetPicker.xcodeproj */;
				},
				{
					ProductGroup = 3705C7071C12510000D36B5B /* Products */;
					ProjectRef = 3705C7061C12510000D36B5B /* HexColor.xcodeproj */;
				},
				{
					ProductGroup = 37D878C91C55115200D36B5B /* Products */;
					ProjectRef = 37D878C81C55115200D36B5B /* Rx.xcodeproj */;
				},
				{
					ProductGroup = 37CA32621C077ED900D36B5B /* Products */;
					ProjectRef = 37CA32611C077ED900D36B5B /* SwiftCBOR.xcodeproj */;
				},
			);
			projectRoot = "";
			targets = (
				376234C61BFA306700D36B5B /* Freepass */,
				376234DC1BFA306800D36B5B /* FreepassTests */,
				376234E71BFA306800D36B5B /* FreepassUITests */,
			);
		};
/* End PBXProject section */

/* Begin PBXReferenceProxy section */
		3705C5E41C14595B00D36B5B /* Cartography.framework */ = {
			isa = PBXReferenceProxy;
			fileType = wrapper.framework;
			path = Cartography.framework;
			remoteRef = 3705C5E31C14595B00D36B5B /* PBXContainerItemProxy */;
			sourceTree = BUILT_PRODUCTS_DIR;
		};
		3705C5E61C14595B00D36B5B /* Cartography-iOS-Tests.xctest */ = {
			isa = PBXReferenceProxy;
			fileType = wrapper.cfbundle;
			path = "Cartography-iOS-Tests.xctest";
			remoteRef = 3705C5E51C14595B00D36B5B /* PBXContainerItemProxy */;
			sourceTree = BUILT_PRODUCTS_DIR;
		};
		3705C5E81C14595B00D36B5B /* Cartography.framework */ = {
			isa = PBXReferenceProxy;
			fileType = wrapper.framework;
			path = Cartography.framework;
			remoteRef = 3705C5E71C14595B00D36B5B /* PBXContainerItemProxy */;
			sourceTree = BUILT_PRODUCTS_DIR;
		};
		3705C5EA1C14595B00D36B5B /* Cartography-Mac-Tests.xctest */ = {
			isa = PBXReferenceProxy;
			fileType = wrapper.cfbundle;
			path = "Cartography-Mac-Tests.xctest";
			remoteRef = 3705C5E91C14595B00D36B5B /* PBXContainerItemProxy */;
			sourceTree = BUILT_PRODUCTS_DIR;
		};
		3705C5EC1C14595B00D36B5B /* Cartography.framework */ = {
			isa = PBXReferenceProxy;
			fileType = wrapper.framework;
			path = Cartography.framework;
			remoteRef = 3705C5EB1C14595B00D36B5B /* PBXContainerItemProxy */;
			sourceTree = BUILT_PRODUCTS_DIR;
		};
		3705C5EE1C14595B00D36B5B /* Cartography-tvOS-tests.xctest */ = {
			isa = PBXReferenceProxy;
			fileType = wrapper.cfbundle;
			path = "Cartography-tvOS-tests.xctest";
			remoteRef = 3705C5ED1C14595B00D36B5B /* PBXContainerItemProxy */;
			sourceTree = BUILT_PRODUCTS_DIR;
		};
		3705C7121C12510000D36B5B /* HexColor.framework */ = {
			isa = PBXReferenceProxy;
			fileType = wrapper.framework;
			path = HexColor.framework;
			remoteRef = 3705C7111C12510000D36B5B /* PBXContainerItemProxy */;
			sourceTree = BUILT_PRODUCTS_DIR;
		};
		3705C7141C12510000D36B5B /* HexColorTests.xctest */ = {
			isa = PBXReferenceProxy;
			fileType = wrapper.cfbundle;
			path = HexColorTests.xctest;
			remoteRef = 3705C7131C12510000D36B5B /* PBXContainerItemProxy */;
			sourceTree = BUILT_PRODUCTS_DIR;
		};
		37936F0F1C163CB800D36B5B /* CoreActionSheetPicker.framework */ = {
			isa = PBXReferenceProxy;
			fileType = wrapper.framework;
			path = CoreActionSheetPicker.framework;
			remoteRef = 37936F0E1C163CB800D36B5B /* PBXContainerItemProxy */;
			sourceTree = BUILT_PRODUCTS_DIR;
		};
		37936F111C163CB800D36B5B /* CoreActionSheetPickerTests.xctest */ = {
			isa = PBXReferenceProxy;
			fileType = wrapper.cfbundle;
			path = CoreActionSheetPickerTests.xctest;
			remoteRef = 37936F101C163CB800D36B5B /* PBXContainerItemProxy */;
			sourceTree = BUILT_PRODUCTS_DIR;
		};
		37CA32671C077ED900D36B5B /* SwiftCBOR.framework */ = {
			isa = PBXReferenceProxy;
			fileType = wrapper.framework;
			path = SwiftCBOR.framework;
			remoteRef = 37CA32661C077ED900D36B5B /* PBXContainerItemProxy */;
			sourceTree = BUILT_PRODUCTS_DIR;
		};
		37CA32691C077ED900D36B5B /* SwiftCBORTests.xctest */ = {
			isa = PBXReferenceProxy;
			fileType = wrapper.cfbundle;
			path = SwiftCBORTests.xctest;
			remoteRef = 37CA32681C077ED900D36B5B /* PBXContainerItemProxy */;
			sourceTree = BUILT_PRODUCTS_DIR;
		};
		37D878E01C55115300D36B5B /* RxSwift.framework */ = {
			isa = PBXReferenceProxy;
			fileType = wrapper.framework;
			path = RxSwift.framework;
			remoteRef = 37D878DF1C55115300D36B5B /* PBXContainerItemProxy */;
			sourceTree = BUILT_PRODUCTS_DIR;
		};
		37D878E21C55115300D36B5B /* RxSwift.framework */ = {
			isa = PBXReferenceProxy;
			fileType = wrapper.framework;
			path = RxSwift.framework;
			remoteRef = 37D878E11C55115300D36B5B /* PBXContainerItemProxy */;
			sourceTree = BUILT_PRODUCTS_DIR;
		};
		37D878E41C55115300D36B5B /* RxSwift.framework */ = {
			isa = PBXReferenceProxy;
			fileType = wrapper.framework;
			path = RxSwift.framework;
			remoteRef = 37D878E31C55115300D36B5B /* PBXContainerItemProxy */;
			sourceTree = BUILT_PRODUCTS_DIR;
		};
		37D878E61C55115300D36B5B /* RxSwift.framework */ = {
			isa = PBXReferenceProxy;
			fileType = wrapper.framework;
			path = RxSwift.framework;
			remoteRef = 37D878E51C55115300D36B5B /* PBXContainerItemProxy */;
			sourceTree = BUILT_PRODUCTS_DIR;
		};
		37D878E81C55115300D36B5B /* RxCocoa.framework */ = {
			isa = PBXReferenceProxy;
			fileType = wrapper.framework;
			path = RxCocoa.framework;
			remoteRef = 37D878E71C55115300D36B5B /* PBXContainerItemProxy */;
			sourceTree = BUILT_PRODUCTS_DIR;
		};
		37D878EA1C55115300D36B5B /* RxCocoa.framework */ = {
			isa = PBXReferenceProxy;
			fileType = wrapper.framework;
			path = RxCocoa.framework;
			remoteRef = 37D878E91C55115300D36B5B /* PBXContainerItemProxy */;
			sourceTree = BUILT_PRODUCTS_DIR;
		};
		37D878EC1C55115300D36B5B /* RxCocoa.framework */ = {
			isa = PBXReferenceProxy;
			fileType = wrapper.framework;
			path = RxCocoa.framework;
			remoteRef = 37D878EB1C55115300D36B5B /* PBXContainerItemProxy */;
			sourceTree = BUILT_PRODUCTS_DIR;
		};
		37D878EE1C55115300D36B5B /* RxCocoa.framework */ = {
			isa = PBXReferenceProxy;
			fileType = wrapper.framework;
			path = RxCocoa.framework;
			remoteRef = 37D878ED1C55115300D36B5B /* PBXContainerItemProxy */;
			sourceTree = BUILT_PRODUCTS_DIR;
		};
		37D878F01C55115300D36B5B /* RxBlocking.framework */ = {
			isa = PBXReferenceProxy;
			fileType = wrapper.framework;
			path = RxBlocking.framework;
			remoteRef = 37D878EF1C55115300D36B5B /* PBXContainerItemProxy */;
			sourceTree = BUILT_PRODUCTS_DIR;
		};
		37D878F21C55115300D36B5B /* RxBlocking.framework */ = {
			isa = PBXReferenceProxy;
			fileType = wrapper.framework;
			path = RxBlocking.framework;
			remoteRef = 37D878F11C55115300D36B5B /* PBXContainerItemProxy */;
			sourceTree = BUILT_PRODUCTS_DIR;
		};
		37D878F41C55115300D36B5B /* RxBlocking.framework */ = {
			isa = PBXReferenceProxy;
			fileType = wrapper.framework;
			path = RxBlocking.framework;
			remoteRef = 37D878F31C55115300D36B5B /* PBXContainerItemProxy */;
			sourceTree = BUILT_PRODUCTS_DIR;
		};
		37D878F61C55115300D36B5B /* RxBlocking.framework */ = {
			isa = PBXReferenceProxy;
			fileType = wrapper.framework;
			path = RxBlocking.framework;
			remoteRef = 37D878F51C55115300D36B5B /* PBXContainerItemProxy */;
			sourceTree = BUILT_PRODUCTS_DIR;
		};
		37D878F81C55115300D36B5B /* RxTests.framework */ = {
			isa = PBXReferenceProxy;
			fileType = wrapper.framework;
			path = RxTests.framework;
			remoteRef = 37D878F71C55115300D36B5B /* PBXContainerItemProxy */;
			sourceTree = BUILT_PRODUCTS_DIR;
		};
		37D878FA1C55115300D36B5B /* RxTests.framework */ = {
			isa = PBXReferenceProxy;
			fileType = wrapper.framework;
			path = RxTests.framework;
			remoteRef = 37D878F91C55115300D36B5B /* PBXContainerItemProxy */;
			sourceTree = BUILT_PRODUCTS_DIR;
		};
		37D878FC1C55115300D36B5B /* RxTests.framework */ = {
			isa = PBXReferenceProxy;
			fileType = wrapper.framework;
			path = RxTests.framework;
			remoteRef = 37D878FB1C55115300D36B5B /* PBXContainerItemProxy */;
			sourceTree = BUILT_PRODUCTS_DIR;
		};
		37D878FE1C55115300D36B5B /* RxTests.framework */ = {
			isa = PBXReferenceProxy;
			fileType = wrapper.framework;
			path = RxTests.framework;
			remoteRef = 37D878FD1C55115300D36B5B /* PBXContainerItemProxy */;
			sourceTree = BUILT_PRODUCTS_DIR;
		};
		37D879001C55115300D36B5B /* AllTests-iOS.xctest */ = {
			isa = PBXReferenceProxy;
			fileType = wrapper.cfbundle;
			path = "AllTests-iOS.xctest";
			remoteRef = 37D878FF1C55115300D36B5B /* PBXContainerItemProxy */;
			sourceTree = BUILT_PRODUCTS_DIR;
		};
		37D879021C55115300D36B5B /* AllTests-tvOS.xctest */ = {
			isa = PBXReferenceProxy;
			fileType = wrapper.cfbundle;
			path = "AllTests-tvOS.xctest";
			remoteRef = 37D879011C55115300D36B5B /* PBXContainerItemProxy */;
			sourceTree = BUILT_PRODUCTS_DIR;
		};
		37D879041C55115300D36B5B /* AllTests-OSX.xctest */ = {
			isa = PBXReferenceProxy;
			fileType = wrapper.cfbundle;
			path = "AllTests-OSX.xctest";
			remoteRef = 37D879031C55115300D36B5B /* PBXContainerItemProxy */;
			sourceTree = BUILT_PRODUCTS_DIR;
		};
		37D879061C55115300D36B5B /* PerformanceTests.app */ = {
			isa = PBXReferenceProxy;
			fileType = wrapper.application;
			path = PerformanceTests.app;
			remoteRef = 37D879051C55115300D36B5B /* PBXContainerItemProxy */;
			sourceTree = BUILT_PRODUCTS_DIR;
		};
/* End PBXReferenceProxy section */

/* Begin PBXResourcesBuildPhase section */
		376234C51BFA306700D36B5B /* Resources */ = {
			isa = PBXResourcesBuildPhase;
			buildActionMask = 2147483647;
			files = (
				376234D71BFA306700D36B5B /* LaunchScreen.storyboard in Resources */,
				376234D41BFA306700D36B5B /* Assets.xcassets in Resources */,
				376234D21BFA306700D36B5B /* Main.storyboard in Resources */,
			);
			runOnlyForDeploymentPostprocessing = 0;
		};
		376234DB1BFA306800D36B5B /* Resources */ = {
			isa = PBXResourcesBuildPhase;
			buildActionMask = 2147483647;
			files = (
			);
			runOnlyForDeploymentPostprocessing = 0;
		};
		376234E61BFA306800D36B5B /* Resources */ = {
			isa = PBXResourcesBuildPhase;
			buildActionMask = 2147483647;
			files = (
			);
			runOnlyForDeploymentPostprocessing = 0;
		};
/* End PBXResourcesBuildPhase section */

/* Begin PBXSourcesBuildPhase section */
		376234C31BFA306700D36B5B /* Sources */ = {
			isa = PBXSourcesBuildPhase;
			buildActionMask = 2147483647;
			files = (
				3705C5FE1C14C46900D36B5B /* Field.swift in Sources */,
				37CA32761C10949900D36B5B /* Entry.swift in Sources */,
				37E750391BFBB02C00D36B5B /* LoginViewController.swift in Sources */,
				37D8790C1C5517E900D36B5B /* RxStuff.swift in Sources */,
				376234CF1BFA306700D36B5B /* EntryViewController.swift in Sources */,
				3705C7271C1251CE00D36B5B /* Colors.swift in Sources */,
				376234CD1BFA306700D36B5B /* VaultViewController.swift in Sources */,
				3705C5FC1C145A4100D36B5B /* FieldCells.swift in Sources */,
				376234CB1BFA306700D36B5B /* AppDelegate.swift in Sources */,
				37E7503B1BFBCDBC00D36B5B /* Vault.swift in Sources */,
				3705C5FA1C145A1D00D36B5B /* FieldViewModel.swift in Sources */,
			);
			runOnlyForDeploymentPostprocessing = 0;
		};
		376234D91BFA306800D36B5B /* Sources */ = {
			isa = PBXSourcesBuildPhase;
			buildActionMask = 2147483647;
			files = (
				376234E21BFA306800D36B5B /* FreepassTests.swift in Sources */,
			);
			runOnlyForDeploymentPostprocessing = 0;
		};
		376234E41BFA306800D36B5B /* Sources */ = {
			isa = PBXSourcesBuildPhase;
			buildActionMask = 2147483647;
			files = (
				376234ED1BFA306800D36B5B /* FreepassUITests.swift in Sources */,
			);
			runOnlyForDeploymentPostprocessing = 0;
		};
/* End PBXSourcesBuildPhase section */

/* Begin PBXTargetDependency section */
		3705C5F21C14596A00D36B5B /* PBXTargetDependency */ = {
			isa = PBXTargetDependency;
			name = "Cartography-iOS";
			targetProxy = 3705C5F11C14596A00D36B5B /* PBXContainerItemProxy */;
		};
		3705C7171C12510E00D36B5B /* PBXTargetDependency */ = {
			isa = PBXTargetDependency;
			name = HexColor;
			targetProxy = 3705C7161C12510E00D36B5B /* PBXContainerItemProxy */;
		};
		376234DF1BFA306800D36B5B /* PBXTargetDependency */ = {
			isa = PBXTargetDependency;
			target = 376234C61BFA306700D36B5B /* Freepass */;
			targetProxy = 376234DE1BFA306800D36B5B /* PBXContainerItemProxy */;
		};
		376234EA1BFA306800D36B5B /* PBXTargetDependency */ = {
			isa = PBXTargetDependency;
			target = 376234C61BFA306700D36B5B /* Freepass */;
			targetProxy = 376234E91BFA306800D36B5B /* PBXContainerItemProxy */;
		};
		37936F151C163CEC00D36B5B /* PBXTargetDependency */ = {
			isa = PBXTargetDependency;
			name = CoreActionSheetPicker;
			targetProxy = 37936F141C163CEC00D36B5B /* PBXContainerItemProxy */;
		};
		37CA326B1C077EDD00D36B5B /* PBXTargetDependency */ = {
			isa = PBXTargetDependency;
			name = SwiftCBOR;
			targetProxy = 37CA326A1C077EDD00D36B5B /* PBXContainerItemProxy */;
		};
		37CA326F1C077EFB00D36B5B /* PBXTargetDependency */ = {
			isa = PBXTargetDependency;
			name = SwiftCBOR;
			targetProxy = 37CA326E1C077EFB00D36B5B /* PBXContainerItemProxy */;
		};
/* End PBXTargetDependency section */

/* Begin PBXVariantGroup section */
		376234D01BFA306700D36B5B /* Main.storyboard */ = {
			isa = PBXVariantGroup;
			children = (
				376234D11BFA306700D36B5B /* Base */,
			);
			name = Main.storyboard;
			sourceTree = "<group>";
		};
		376234D51BFA306700D36B5B /* LaunchScreen.storyboard */ = {
			isa = PBXVariantGroup;
			children = (
				376234D61BFA306700D36B5B /* Base */,
			);
			name = LaunchScreen.storyboard;
			sourceTree = "<group>";
		};
/* End PBXVariantGroup section */

/* Begin XCBuildConfiguration section */
		376234EF1BFA306800D36B5B /* Debug */ = {
			isa = XCBuildConfiguration;
			buildSettings = {
				ALWAYS_SEARCH_USER_PATHS = NO;
				CLANG_CXX_LANGUAGE_STANDARD = "gnu++0x";
				CLANG_CXX_LIBRARY = "libc++";
				CLANG_ENABLE_MODULES = YES;
				CLANG_ENABLE_OBJC_ARC = YES;
				CLANG_WARN_BOOL_CONVERSION = YES;
				CLANG_WARN_CONSTANT_CONVERSION = YES;
				CLANG_WARN_DIRECT_OBJC_ISA_USAGE = YES_ERROR;
				CLANG_WARN_EMPTY_BODY = YES;
				CLANG_WARN_ENUM_CONVERSION = YES;
				CLANG_WARN_INT_CONVERSION = YES;
				CLANG_WARN_OBJC_ROOT_CLASS = YES_ERROR;
				CLANG_WARN_UNREACHABLE_CODE = YES;
				CLANG_WARN__DUPLICATE_METHOD_MATCH = YES;
				"CODE_SIGN_IDENTITY[sdk=iphoneos*]" = "iPhone Developer";
				COPY_PHASE_STRIP = NO;
				DEBUG_INFORMATION_FORMAT = dwarf;
				ENABLE_STRICT_OBJC_MSGSEND = YES;
				ENABLE_TESTABILITY = YES;
				FRAMEWORK_SEARCH_PATHS = "";
				GCC_C_LANGUAGE_STANDARD = gnu99;
				GCC_DYNAMIC_NO_PIC = NO;
				GCC_NO_COMMON_BLOCKS = YES;
				GCC_OPTIMIZATION_LEVEL = 0;
				GCC_PREPROCESSOR_DEFINITIONS = (
					"DEBUG=1",
					"$(inherited)",
				);
				GCC_WARN_64_TO_32_BIT_CONVERSION = YES;
				GCC_WARN_ABOUT_RETURN_TYPE = YES_ERROR;
				GCC_WARN_UNDECLARED_SELECTOR = YES;
				GCC_WARN_UNINITIALIZED_AUTOS = YES_AGGRESSIVE;
				GCC_WARN_UNUSED_FUNCTION = YES;
				GCC_WARN_UNUSED_VARIABLE = YES;
				MTL_ENABLE_DEBUG_INFO = YES;
				ONLY_ACTIVE_ARCH = YES;
				SDKROOT = iphoneos;
				SWIFT_OPTIMIZATION_LEVEL = "-Onone";
				TARGETED_DEVICE_FAMILY = "1,2";
			};
			name = Debug;
		};
		376234F01BFA306800D36B5B /* Release */ = {
			isa = XCBuildConfiguration;
			buildSettings = {
				ALWAYS_SEARCH_USER_PATHS = NO;
				CLANG_CXX_LANGUAGE_STANDARD = "gnu++0x";
				CLANG_CXX_LIBRARY = "libc++";
				CLANG_ENABLE_MODULES = YES;
				CLANG_ENABLE_OBJC_ARC = YES;
				CLANG_WARN_BOOL_CONVERSION = YES;
				CLANG_WARN_CONSTANT_CONVERSION = YES;
				CLANG_WARN_DIRECT_OBJC_ISA_USAGE = YES_ERROR;
				CLANG_WARN_EMPTY_BODY = YES;
				CLANG_WARN_ENUM_CONVERSION = YES;
				CLANG_WARN_INT_CONVERSION = YES;
				CLANG_WARN_OBJC_ROOT_CLASS = YES_ERROR;
				CLANG_WARN_UNREACHABLE_CODE = YES;
				CLANG_WARN__DUPLICATE_METHOD_MATCH = YES;
				"CODE_SIGN_IDENTITY[sdk=iphoneos*]" = "iPhone Developer";
				COPY_PHASE_STRIP = NO;
				DEBUG_INFORMATION_FORMAT = "dwarf-with-dsym";
				ENABLE_NS_ASSERTIONS = NO;
				ENABLE_STRICT_OBJC_MSGSEND = YES;
				FRAMEWORK_SEARCH_PATHS = "";
				GCC_C_LANGUAGE_STANDARD = gnu99;
				GCC_NO_COMMON_BLOCKS = YES;
				GCC_WARN_64_TO_32_BIT_CONVERSION = YES;
				GCC_WARN_ABOUT_RETURN_TYPE = YES_ERROR;
				GCC_WARN_UNDECLARED_SELECTOR = YES;
				GCC_WARN_UNINITIALIZED_AUTOS = YES_AGGRESSIVE;
				GCC_WARN_UNUSED_FUNCTION = YES;
				GCC_WARN_UNUSED_VARIABLE = YES;
				MTL_ENABLE_DEBUG_INFO = NO;
				SDKROOT = iphoneos;
				TARGETED_DEVICE_FAMILY = "1,2";
				VALIDATE_PRODUCT = YES;
			};
			name = Release;
		};
		376234F21BFA306800D36B5B /* Debug */ = {
			isa = XCBuildConfiguration;
			buildSettings = {
				ASSETCATALOG_COMPILER_APPICON_NAME = AppIcon;
				CLANG_ANALYZER_SECURITY_FLOATLOOPCOUNTER = YES;
				CLANG_ANALYZER_SECURITY_INSECUREAPI_RAND = YES;
				CLANG_ANALYZER_SECURITY_INSECUREAPI_STRCPY = YES;
				CLANG_ENABLE_MODULES = YES;
				CLANG_WARN_IMPLICIT_SIGN_CONVERSION = YES;
				CLANG_WARN_SUSPICIOUS_IMPLICIT_CONVERSION = YES;
				CODE_SIGN_IDENTITY = "iPhone Developer";
				EMBEDDED_CONTENT_CONTAINS_SWIFT = YES;
				ENABLE_BITCODE = NO;
				HEADER_SEARCH_PATHS = ../../capi;
				INFOPLIST_FILE = Freepass/Info.plist;
				IPHONEOS_DEPLOYMENT_TARGET = 8.0;
				LD_RUNPATH_SEARCH_PATHS = "$(inherited) @executable_path/Frameworks";
				LIBRARY_SEARCH_PATHS = (
					"../../libsodium/libsodium-ios/lib",
					../../capi/target/universal/release,
				);
				PRODUCT_BUNDLE_IDENTIFIER = technology.unrelenting.FreepassForiOS;
				PRODUCT_NAME = "$(TARGET_NAME)";
				SWIFT_OBJC_BRIDGING_HEADER = "Freepass/Freepass-Bridging-Header.h";
				SWIFT_OPTIMIZATION_LEVEL = "-Onone";
			};
			name = Debug;
		};
		376234F31BFA306800D36B5B /* Release */ = {
			isa = XCBuildConfiguration;
			buildSettings = {
				ASSETCATALOG_COMPILER_APPICON_NAME = AppIcon;
				CLANG_ANALYZER_SECURITY_FLOATLOOPCOUNTER = YES;
				CLANG_ANALYZER_SECURITY_INSECUREAPI_RAND = YES;
				CLANG_ANALYZER_SECURITY_INSECUREAPI_STRCPY = YES;
				CLANG_ENABLE_MODULES = YES;
				CLANG_WARN_IMPLICIT_SIGN_CONVERSION = YES;
				CLANG_WARN_SUSPICIOUS_IMPLICIT_CONVERSION = YES;
				CODE_SIGN_IDENTITY = "iPhone Developer";
				EMBEDDED_CONTENT_CONTAINS_SWIFT = YES;
				ENABLE_BITCODE = NO;
				HEADER_SEARCH_PATHS = ../../capi;
				INFOPLIST_FILE = Freepass/Info.plist;
				IPHONEOS_DEPLOYMENT_TARGET = 8.0;
				LD_RUNPATH_SEARCH_PATHS = "$(inherited) @executable_path/Frameworks";
				LIBRARY_SEARCH_PATHS = (
					"../../libsodium/libsodium-ios/lib",
					../../capi/target/universal/release,
				);
				PRODUCT_BUNDLE_IDENTIFIER = technology.unrelenting.FreepassForiOS;
				PRODUCT_NAME = "$(TARGET_NAME)";
				SWIFT_OBJC_BRIDGING_HEADER = "Freepass/Freepass-Bridging-Header.h";
			};
			name = Release;
		};
		376234F51BFA306800D36B5B /* Debug */ = {
			isa = XCBuildConfiguration;
			buildSettings = {
				BUNDLE_LOADER = "$(TEST_HOST)";
				HEADER_SEARCH_PATHS = ../../capi;
				INFOPLIST_FILE = FreepassTests/Info.plist;
				LD_RUNPATH_SEARCH_PATHS = "$(inherited) @executable_path/Frameworks @loader_path/Frameworks";
				LIBRARY_SEARCH_PATHS = (
					"../../libsodium/libsodium-ios/lib",
					../../capi/target/universal/release,
				);
				PRODUCT_BUNDLE_IDENTIFIER = technology.unrelenting.FreepassTests;
				PRODUCT_NAME = "$(TARGET_NAME)";
				TEST_HOST = "$(BUILT_PRODUCTS_DIR)/Freepass.app/Freepass";
			};
			name = Debug;
		};
		376234F61BFA306800D36B5B /* Release */ = {
			isa = XCBuildConfiguration;
			buildSettings = {
				BUNDLE_LOADER = "$(TEST_HOST)";
				HEADER_SEARCH_PATHS = ../../capi;
				INFOPLIST_FILE = FreepassTests/Info.plist;
				LD_RUNPATH_SEARCH_PATHS = "$(inherited) @executable_path/Frameworks @loader_path/Frameworks";
				LIBRARY_SEARCH_PATHS = (
					"../../libsodium/libsodium-ios/lib",
					../../capi/target/universal/release,
				);
				PRODUCT_BUNDLE_IDENTIFIER = technology.unrelenting.FreepassTests;
				PRODUCT_NAME = "$(TARGET_NAME)";
				TEST_HOST = "$(BUILT_PRODUCTS_DIR)/Freepass.app/Freepass";
			};
			name = Release;
		};
		376234F81BFA306800D36B5B /* Debug */ = {
			isa = XCBuildConfiguration;
			buildSettings = {
				HEADER_SEARCH_PATHS = ../../capi;
				INFOPLIST_FILE = FreepassUITests/Info.plist;
				LD_RUNPATH_SEARCH_PATHS = "$(inherited) @executable_path/Frameworks @loader_path/Frameworks";
				LIBRARY_SEARCH_PATHS = (
					"../../libsodium/libsodium-ios/lib",
					../../capi/target/universal/release,
				);
				PRODUCT_BUNDLE_IDENTIFIER = technology.unrelenting.FreepassUITests;
				PRODUCT_NAME = "$(TARGET_NAME)";
				TEST_TARGET_NAME = Freepass;
				USES_XCTRUNNER = YES;
			};
			name = Debug;
		};
		376234F91BFA306800D36B5B /* Release */ = {
			isa = XCBuildConfiguration;
			buildSettings = {
				HEADER_SEARCH_PATHS = ../../capi;
				INFOPLIST_FILE = FreepassUITests/Info.plist;
				LD_RUNPATH_SEARCH_PATHS = "$(inherited) @executable_path/Frameworks @loader_path/Frameworks";
				LIBRARY_SEARCH_PATHS = (
					"../../libsodium/libsodium-ios/lib",
					../../capi/target/universal/release,
				);
				PRODUCT_BUNDLE_IDENTIFIER = technology.unrelenting.FreepassUITests;
				PRODUCT_NAME = "$(TARGET_NAME)";
				TEST_TARGET_NAME = Freepass;
				USES_XCTRUNNER = YES;
			};
			name = Release;
		};
/* End XCBuildConfiguration section */

/* Begin XCConfigurationList section */
		376234C21BFA306700D36B5B /* Build configuration list for PBXProject "Freepass" */ = {
			isa = XCConfigurationList;
			buildConfigurations = (
				376234EF1BFA306800D36B5B /* Debug */,
				376234F01BFA306800D36B5B /* Release */,
			);
			defaultConfigurationIsVisible = 0;
			defaultConfigurationName = Release;
		};
		376234F11BFA306800D36B5B /* Build configuration list for PBXNativeTarget "Freepass" */ = {
			isa = XCConfigurationList;
			buildConfigurations = (
				376234F21BFA306800D36B5B /* Debug */,
				376234F31BFA306800D36B5B /* Release */,
			);
			defaultConfigurationIsVisible = 0;
			defaultConfigurationName = Release;
		};
		376234F41BFA306800D36B5B /* Build configuration list for PBXNativeTarget "FreepassTests" */ = {
			isa = XCConfigurationList;
			buildConfigurations = (
				376234F51BFA306800D36B5B /* Debug */,
				376234F61BFA306800D36B5B /* Release */,
			);
			defaultConfigurationIsVisible = 0;
			defaultConfigurationName = Release;
		};
		376234F71BFA306800D36B5B /* Build configuration list for PBXNativeTarget "FreepassUITests" */ = {
			isa = XCConfigurationList;
			buildConfigurations = (
				376234F81BFA306800D36B5B /* Debug */,
				376234F91BFA306800D36B5B /* Release */,
			);
			defaultConfigurationIsVisible = 0;
			defaultConfigurationName = Release;
		};
/* End XCConfigurationList section */
	};
	rootObject = 376234BF1BFA306700D36B5B /* Project object */;
}
